# THIS IS AN AUTOGENERATED FILE. DO NOT EDIT THIS FILE DIRECTLY.
# yarn lockfile v1


"@azure/functions@^1.2.3":
  version "1.2.3"
  resolved "https://registry.yarnpkg.com/@azure/functions/-/functions-1.2.3.tgz#65765837e7319eedffbf8a971cb2f78d4e043d54"
  integrity sha512-dZITbYPNg6ay6ngcCOjRUh1wDhlFITS0zIkqplyH5KfKEAVPooaoaye5mUFnR+WP9WdGRjlNXyl/y2tgWKHcRg==

"@types/node@^16.7.1":
  version "16.7.1"
  resolved "https://registry.yarnpkg.com/@types/node/-/node-16.7.1.tgz#c6b9198178da504dfca1fd0be9b2e1002f1586f0"
  integrity sha512-ncRdc45SoYJ2H4eWU9ReDfp3vtFqDYhjOsKlFFUDEn8V1Bgr2RjYal8YT5byfadWIRluhPFU6JiDOl0H6Sl87A==

"@types/w3c-web-serial@^1.0.2":
  version "1.0.2"
  resolved "https://registry.yarnpkg.com/@types/w3c-web-serial/-/w3c-web-serial-1.0.2.tgz#8bf21f90b40dda6d2e2e6b188417b6bd66525d03"
  integrity sha512-Ftx4BtLxgAnel7V7GbHylCYjSq827A+jeEE3SnTS7huCGUN0pSwUn+CchTCT9TkZj9w+NVMUq4Bk2R0GvUNmAQ==

"@types/w3c-web-usb@^1.0.5":
  version "1.0.5"
  resolved "https://registry.yarnpkg.com/@types/w3c-web-usb/-/w3c-web-usb-1.0.5.tgz#90284d17f35de981670c85d29053ae8b88fa5543"
  integrity sha512-dYolx2XWesl1TMu+1BjtjU6eC6c2zZ2VDKhjU4f/mtR3+UBfMW6h1tPCQt7leY5Y8JBg0Fe/mMnoDMkPPNX9sw==

"@types/web-bluetooth@^0.0.11":
  version "0.0.11"
  resolved "https://registry.yarnpkg.com/@types/web-bluetooth/-/web-bluetooth-0.0.11.tgz#2dc7ae7a809b70723e064b58245103028d5ea616"
  integrity sha512-2CF3Kk2Rcvg/c2QzO7mXUhY7eL9CC3aKzrF+dNWNmp7Q8bmlvjmUM1nFPMSngawdJ+CcIdu8eJlQRytBgAZR9w==

fs-extra@^10.0.0:
  version "10.0.0"
  resolved "https://registry.yarnpkg.com/fs-extra/-/fs-extra-10.0.0.tgz#9ff61b655dde53fb34a82df84bb214ce802e17c1"
  integrity sha512-C5owb14u9eJwizKGdchcDUQeFtlSHHthBk8pbX9Vc1PFZrLombudjDnNns88aYslCyF6IY5SUw3Roz6xShcEIQ==
  dependencies:
    graceful-fs "^4.2.0"
    jsonfile "^6.0.1"
    universalify "^2.0.0"

graceful-fs@^4.1.6, graceful-fs@^4.2.0:
  version "4.2.8"
  resolved "https://registry.yarnpkg.com/graceful-fs/-/graceful-fs-4.2.8.tgz#e412b8d33f5e006593cbd3cee6df9f2cebbe802a"
  integrity sha512-qkIilPUYcNhJpd33n0GBXTB1MMPp14TxEsEs0pTrsSVucApsYzW5V+Q8Qxhik6KU3evy+qkAAowTByymK0avdg==

jacdac-ts@latest:
  version "1.14.19"
  resolved "https://registry.yarnpkg.com/jacdac-ts/-/jacdac-ts-1.14.19.tgz#34a593e6a09526bbb0ca0182b0b2f736684caef4"
  integrity sha512-TUqQYkAyHpACceTQ2sNUe6z45LgDleo/zHt8KDK1hPd+lzL1+1BsGFSkOScUO/UFdRfsyG+4YhJq8HzvXV3peQ==
  dependencies:
    "@types/node" "^16.7.1"
    "@types/w3c-web-serial" "^1.0.2"
    "@types/w3c-web-usb" "^1.0.5"
    "@types/web-bluetooth" "^0.0.11"
    fs-extra "^10.0.0"
    regenerator-runtime "^0.13.9"

jsonfile@^6.0.1:
  version "6.1.0"
  resolved "https://registry.yarnpkg.com/jsonfile/-/jsonfile-6.1.0.tgz#bc55b2634793c679ec6403094eb13698a6ec0aae"
  integrity sha512-5dgndWOriYSm5cnYaJNhalLNDKOqFwyDB/rr1E9ZsGciGvKPs8R2xYGCacuf3z6K1YKDz182fd+fY3cn3pMqXQ==
  dependencies:
    universalify "^2.0.0"
  optionalDependencies:
    graceful-fs "^4.1.6"

regenerator-runtime@^0.13.9:
  version "0.13.9"
  resolved "https://registry.yarnpkg.com/regenerator-runtime/-/regenerator-runtime-0.13.9.tgz#8925742a98ffd90814988d7566ad30ca3b263b52"
  integrity sha512-p3VT+cOEgxFsRRA9X4lkI1E+k2/CtnKtU4gcxyaCUreilL/vqI6CdZ3wxVUx3UOUg+gnUOQQcRI7BmSI656MYA==

typescript@^4.3.5:
  version "4.3.5"
  resolved "https://registry.yarnpkg.com/typescript/-/typescript-4.3.5.tgz#4d1c37cc16e893973c45a06886b7113234f119f4"
  integrity sha512-DqQgihaQ9cUrskJo9kIyW/+g0Vxsk8cDtZ52a3NGh0YNTfpUSArXSohyUGnvbPazEPLu398C0UxmKSOrPumUzA==

universalify@^2.0.0:
  version "2.0.0"
  resolved "https://registry.yarnpkg.com/universalify/-/universalify-2.0.0.tgz#75a4984efedc4b08975c5aeb73f530d02df25717"
  integrity sha512-hAZsKq7Yy11Zu1DE0OzWjw7nnLZmJZYTDZZyEFHZdUhV8FkH5MCfoU1XMaxXovpyW5nq5scPqq0ZDP9Zyl04oQ==
